
Microsoft Visual Studio Solution File, Format Version 12.00
# Visual Studio Version 17
VisualStudioVersion = 17.1.32210.238
MinimumVisualStudioVersion = 10.0.40219.1
Project("{FAE04EC0-301F-11D3-BF4B-00C04F79EFBC}") = "BookStore.API", "src\BookStore.API\BookStore.API.csproj", "{EB4B2328-6C8C-408E-9F24-F53C71846FC7}"
EndProject
Project("{FAE04EC0-301F-11D3-BF4B-00C04F79EFBC}") = "BookStore.Domain", "src\BookStore.Domain\BookStore.Domain.csproj", "{7658F6AA-B475-44F3-AE9F-CB15559266B8}"
EndProject
Project("{FAE04EC0-301F-11D3-BF4B-00C04F79EFBC}") = "BookStore.Infrastructure", "src\BookStore.Infrastructure\BookStore.Infrastructure.csproj", "{4863CE29-C385-4DAE-93CE-76BB75500B8F}"
EndProject
Project("{2150E333-8FDC-42A3-9474-1A3956D46DE8}") = "tests", "tests", "{C56C26BB-007F-4064-9FFD-852EEB454329}"
EndProject
Global
	GlobalSection(SolutionConfigurationPlatforms) = preSolution
		Debug|Any CPU = Debug|Any CPU
		Release|Any CPU = Release|Any CPU
	EndGlobalSection
	GlobalSection(ProjectConfigurationPlatforms) = postSolution
		{EB4B2328-6C8C-408E-9F24-F53C71846FC7}.Debug|Any CPU.ActiveCfg = Debug|Any CPU
		{EB4B2328-6C8C-408E-9F24-F53C71846FC7}.Debug|Any CPU.Build.0 = Debug|Any CPU
		{EB4B2328-6C8C-408E-9F24-F53C71846FC7}.Release|Any CPU.ActiveCfg = Release|Any CPU
		{EB4B2328-6C8C-408E-9F24-F53C71846FC7}.Release|Any CPU.Build.0 = Release|Any CPU
		{7658F6AA-B475-44F3-AE9F-CB15559266B8}.Debug|Any CPU.ActiveCfg = Debug|Any CPU
		{7658F6AA-B475-44F3-AE9F-CB15559266B8}.Debug|Any CPU.Build.0 = Debug|Any CPU
		{7658F6AA-B475-44F3-AE9F-CB15559266B8}.Release|Any CPU.ActiveCfg = Release|Any CPU
		{7658F6AA-B475-44F3-AE9F-CB15559266B8}.Release|Any CPU.Build.0 = Release|Any CPU
		{4863CE29-C385-4DAE-93CE-76BB75500B8F}.Debug|Any CPU.ActiveCfg = Debug|Any CPU
		{4863CE29-C385-4DAE-93CE-76BB75500B8F}.Debug|Any CPU.Build.0 = Debug|Any CPU
		{4863CE29-C385-4DAE-93CE-76BB75500B8F}.Release|Any CPU.ActiveCfg = Release|Any CPU
		{4863CE29-C385-4DAE-93CE-76BB75500B8F}.Release|Any CPU.Build.0 = Release|Any CPU
	EndGlobalSection
	GlobalSection(SolutionProperties) = preSolution
		HideSolutionNode = FALSE
	EndGlobalSection
	GlobalSection(ExtensibilityGlobals) = postSolution
		SolutionGuid = {AC6F0D42-8FAC-44AB-80D1-FC8BCFEA49F8}
	EndGlobalSection
EndGlobal
